
Microsoft Visual Studio Solution File, Format Version 12.00
# Visual Studio Version 17
VisualStudioVersion = 17.1.32421.90
MinimumVisualStudioVersion = 10.0.40219.1
Project("{FAE04EC0-301F-11D3-BF4B-00C04F79EFBC}") = "PhoneNumberArea.API", "PhoneNumberArea.API\PhoneNumberArea.API.csproj", "{35F0B865-C7D3-47CA-9BC2-90B9885F3C67}"
EndProject
Global
	GlobalSection(SolutionConfigurationPlatforms) = preSolution
		Debug|Any CPU = Debug|Any CPU
		Release|Any CPU = Release|Any CPU
	EndGlobalSection
	GlobalSection(ProjectConfigurationPlatforms) = postSolution
		{35F0B865-C7D3-47CA-9BC2-90B9885F3C67}.Debug|Any CPU.ActiveCfg = Debug|Any CPU
		{35F0B865-C7D3-47CA-9BC2-90B9885F3C67}.Debug|Any CPU.Build.0 = Debug|Any CPU
		{35F0B865-C7D3-47CA-9BC2-90B9885F3C67}.Release|Any CPU.ActiveCfg = Release|Any CPU
		{35F0B865-C7D3-47CA-9BC2-90B9885F3C67}.Release|Any CPU.Build.0 = Release|Any CPU
	EndGlobalSection
	GlobalSection(SolutionProperties) = preSolution
		HideSolutionNode = FALSE
	EndGlobalSection
	GlobalSection(ExtensibilityGlobals) = postSolution
		SolutionGuid = {58D35BE5-48DF-46E3-AAA5-40B46F553A58}
	EndGlobalSection
EndGlobal
